
Microsoft Visual Studio Solution File, Format Version 12.00
# Visual Studio Version 16
VisualStudioVersion = 16.0.29728.190
MinimumVisualStudioVersion = 10.0.40219.1
Project("{FAE04EC0-301F-11D3-BF4B-00C04F79EFBC}") = "TypedBindingIssueApp.UWP", "TypedBindingIssueApp\TypedBindingIssueApp.UWP\TypedBindingIssueApp.UWP.csproj", "{3A0A68E9-E419-486D-AF97-9D3076C4BEA4}"
EndProject
Project("{FAE04EC0-301F-11D3-BF4B-00C04F79EFBC}") = "TypedBindingIssueApp.Android", "TypedBindingIssueApp\TypedBindingIssueApp.Android\TypedBindingIssueApp.Android.csproj", "{7FF583CA-88D4-4C13-B638-78B4D0B92EC3}"
EndProject
Project("{FAE04EC0-301F-11D3-BF4B-00C04F79EFBC}") = "TypedBindingIssueApp.iOS", "TypedBindingIssueApp\TypedBindingIssueApp.iOS\TypedBindingIssueApp.iOS.csproj", "{EF2CFEBF-EE9E-442F-B539-47E4FBA4B9C0}"
EndProject
Project("{FAE04EC0-301F-11D3-BF4B-00C04F79EFBC}") = "TypedBindingIssueApp", "TypedBindingIssueApp\TypedBindingIssueApp\TypedBindingIssueApp.csproj", "{1FD3FE5E-8FBF-488A-95E2-C53669193905}"
EndProject
Global
	GlobalSection(SolutionConfigurationPlatforms) = preSolution
		Debug|Any CPU = Debug|Any CPU
		Debug|ARM = Debug|ARM
		Debug|iPhone = Debug|iPhone
		Debug|iPhoneSimulator = Debug|iPhoneSimulator
		Debug|x64 = Debug|x64
		Debug|x86 = Debug|x86
		Release|Any CPU = Release|Any CPU
		Release|ARM = Release|ARM
		Release|iPhone = Release|iPhone
		Release|iPhoneSimulator = Release|iPhoneSimulator
		Release|x64 = Release|x64
		Release|x86 = Release|x86
	EndGlobalSection
	GlobalSection(ProjectConfigurationPlatforms) = postSolution
		{3A0A68E9-E419-486D-AF97-9D3076C4BEA4}.Debug|Any CPU.ActiveCfg = Debug|x86
		{3A0A68E9-E419-486D-AF97-9D3076C4BEA4}.Debug|Any CPU.Build.0 = Debug|x86
		{3A0A68E9-E419-486D-AF97-9D3076C4BEA4}.Debug|Any CPU.Deploy.0 = Debug|x86
		{3A0A68E9-E419-486D-AF97-9D3076C4BEA4}.Debug|ARM.ActiveCfg = Debug|ARM
		{3A0A68E9-E419-486D-AF97-9D3076C4BEA4}.Debug|ARM.Build.0 = Debug|ARM
		{3A0A68E9-E419-486D-AF97-9D3076C4BEA4}.Debug|ARM.Deploy.0 = Debug|ARM
		{3A0A68E9-E419-486D-AF97-9D3076C4BEA4}.Debug|iPhone.ActiveCfg = Debug|x86
		{3A0A68E9-E419-486D-AF97-9D3076C4BEA4}.Debug|iPhone.Build.0 = Debug|x86
		{3A0A68E9-E419-486D-AF97-9D3076C4BEA4}.Debug|iPhone.Deploy.0 = Debug|x86
		{3A0A68E9-E419-486D-AF97-9D3076C4BEA4}.Debug|iPhoneSimulator.ActiveCfg = Debug|x86
		{3A0A68E9-E419-486D-AF97-9D3076C4BEA4}.Debug|iPhoneSimulator.Build.0 = Debug|x86
		{3A0A68E9-E419-486D-AF97-9D3076C4BEA4}.Debug|iPhoneSimulator.Deploy.0 = Debug|x86
		{3A0A68E9-E419-486D-AF97-9D3076C4BEA4}.Debug|x64.ActiveCfg = Debug|x64
		{3A0A68E9-E419-486D-AF97-9D3076C4BEA4}.Debug|x64.Build.0 = Debug|x64
		{3A0A68E9-E419-486D-AF97-9D3076C4BEA4}.Debug|x64.Deploy.0 = Debug|x64
		{3A0A68E9-E419-486D-AF97-9D3076C4BEA4}.Debug|x86.ActiveCfg = Debug|x86
		{3A0A68E9-E419-486D-AF97-9D3076C4BEA4}.Debug|x86.Build.0 = Debug|x86
		{3A0A68E9-E419-486D-AF97-9D3076C4BEA4}.Debug|x86.Deploy.0 = Debug|x86
		{3A0A68E9-E419-486D-AF97-9D3076C4BEA4}.Release|Any CPU.ActiveCfg = Release|x86
		{3A0A68E9-E419-486D-AF97-9D3076C4BEA4}.Release|Any CPU.Build.0 = Release|x86
		{3A0A68E9-E419-486D-AF97-9D3076C4BEA4}.Release|Any CPU.Deploy.0 = Release|x86
		{3A0A68E9-E419-486D-AF97-9D3076C4BEA4}.Release|ARM.ActiveCfg = Release|ARM
		{3A0A68E9-E419-486D-AF97-9D3076C4BEA4}.Release|ARM.Build.0 = Release|ARM
		{3A0A68E9-E419-486D-AF97-9D3076C4BEA4}.Release|ARM.Deploy.0 = Release|ARM
		{3A0A68E9-E419-486D-AF97-9D3076C4BEA4}.Release|iPhone.ActiveCfg = Release|x86
		{3A0A68E9-E419-486D-AF97-9D3076C4BEA4}.Release|iPhone.Build.0 = Release|x86
		{3A0A68E9-E419-486D-AF97-9D3076C4BEA4}.Release|iPhone.Deploy.0 = Release|x86
		{3A0A68E9-E419-486D-AF97-9D3076C4BEA4}.Release|iPhoneSimulator.ActiveCfg = Release|x86
		{3A0A68E9-E419-486D-AF97-9D3076C4BEA4}.Release|iPhoneSimulator.Build.0 = Release|x86
		{3A0A68E9-E419-486D-AF97-9D3076C4BEA4}.Release|iPhoneSimulator.Deploy.0 = Release|x86
		{3A0A68E9-E419-486D-AF97-9D3076C4BEA4}.Release|x64.ActiveCfg = Release|x64
		{3A0A68E9-E419-486D-AF97-9D3076C4BEA4}.Release|x64.Build.0 = Release|x64
		{3A0A68E9-E419-486D-AF97-9D3076C4BEA4}.Release|x64.Deploy.0 = Release|x64
		{3A0A68E9-E419-486D-AF97-9D3076C4BEA4}.Release|x86.ActiveCfg = Release|x86
		{3A0A68E9-E419-486D-AF97-9D3076C4BEA4}.Release|x86.Build.0 = Release|x86
		{3A0A68E9-E419-486D-AF97-9D3076C4BEA4}.Release|x86.Deploy.0 = Release|x86
		{7FF583CA-88D4-4C13-B638-78B4D0B92EC3}.Debug|Any CPU.ActiveCfg = Debug|Any CPU
		{7FF583CA-88D4-4C13-B638-78B4D0B92EC3}.Debug|Any CPU.Build.0 = Debug|Any CPU
		{7FF583CA-88D4-4C13-B638-78B4D0B92EC3}.Debug|Any CPU.Deploy.0 = Debug|Any CPU
		{7FF583CA-88D4-4C13-B638-78B4D0B92EC3}.Debug|ARM.ActiveCfg = Debug|Any CPU
		{7FF583CA-88D4-4C13-B638-78B4D0B92EC3}.Debug|ARM.Build.0 = Debug|Any CPU
		{7FF583CA-88D4-4C13-B638-78B4D0B92EC3}.Debug|ARM.Deploy.0 = Debug|Any CPU
		{7FF583CA-88D4-4C13-B638-78B4D0B92EC3}.Debug|iPhone.ActiveCfg = Debug|Any CPU
		{7FF583CA-88D4-4C13-B638-78B4D0B92EC3}.Debug|iPhone.Build.0 = Debug|Any CPU
		{7FF583CA-88D4-4C13-B638-78B4D0B92EC3}.Debug|iPhone.Deploy.0 = Debug|Any CPU
		{7FF583CA-88D4-4C13-B638-78B4D0B92EC3}.Debug|iPhoneSimulator.ActiveCfg = Debug|Any CPU
		{7FF583CA-88D4-4C13-B638-78B4D0B92EC3}.Debug|iPhoneSimulator.Build.0 = Debug|Any CPU
		{7FF583CA-88D4-4C13-B638-78B4D0B92EC3}.Debug|iPhoneSimulator.Deploy.0 = Debug|Any CPU
		{7FF583CA-88D4-4C13-B638-78B4D0B92EC3}.Debug|x64.ActiveCfg = Debug|Any CPU
		{7FF583CA-88D4-4C13-B638-78B4D0B92EC3}.Debug|x64.Build.0 = Debug|Any CPU
		{7FF583CA-88D4-4C13-B638-78B4D0B92EC3}.Debug|x64.Deploy.0 = Debug|Any CPU
		{7FF583CA-88D4-4C13-B638-78B4D0B92EC3}.Debug|x86.ActiveCfg = Debug|Any CPU
		{7FF583CA-88D4-4C13-B638-78B4D0B92EC3}.Debug|x86.Build.0 = Debug|Any CPU
		{7FF583CA-88D4-4C13-B638-78B4D0B92EC3}.Debug|x86.Deploy.0 = Debug|Any CPU
		{7FF583CA-88D4-4C13-B638-78B4D0B92EC3}.Release|Any CPU.ActiveCfg = Release|Any CPU
		{7FF583CA-88D4-4C13-B638-78B4D0B92EC3}.Release|Any CPU.Build.0 = Release|Any CPU
		{7FF583CA-88D4-4C13-B638-78B4D0B92EC3}.Release|Any CPU.Deploy.0 = Release|Any CPU
		{7FF583CA-88D4-4C13-B638-78B4D0B92EC3}.Release|ARM.ActiveCfg = Release|Any CPU
		{7FF583CA-88D4-4C13-B638-78B4D0B92EC3}.Release|ARM.Build.0 = Release|Any CPU
		{7FF583CA-88D4-4C13-B638-78B4D0B92EC3}.Release|ARM.Deploy.0 = Release|Any CPU
		{7FF583CA-88D4-4C13-B638-78B4D0B92EC3}.Release|iPhone.ActiveCfg = Release|Any CPU
		{7FF583CA-88D4-4C13-B638-78B4D0B92EC3}.Release|iPhone.Build.0 = Release|Any CPU
		{7FF583CA-88D4-4C13-B638-78B4D0B92EC3}.Release|iPhone.Deploy.0 = Release|Any CPU
		{7FF583CA-88D4-4C13-B638-78B4D0B92EC3}.Release|iPhoneSimulator.ActiveCfg = Release|Any CPU
		{7FF583CA-88D4-4C13-B638-78B4D0B92EC3}.Release|iPhoneSimulator.Build.0 = Release|Any CPU
		{7FF583CA-88D4-4C13-B638-78B4D0B92EC3}.Release|iPhoneSimulator.Deploy.0 = Release|Any CPU
		{7FF583CA-88D4-4C13-B638-78B4D0B92EC3}.Release|x64.ActiveCfg = Release|Any CPU
		{7FF583CA-88D4-4C13-B638-78B4D0B92EC3}.Release|x64.Build.0 = Release|Any CPU
		{7FF583CA-88D4-4C13-B638-78B4D0B92EC3}.Release|x64.Deploy.0 = Release|Any CPU
		{7FF583CA-88D4-4C13-B638-78B4D0B92EC3}.Release|x86.ActiveCfg = Release|Any CPU
		{7FF583CA-88D4-4C13-B638-78B4D0B92EC3}.Release|x86.Build.0 = Release|Any CPU
		{7FF583CA-88D4-4C13-B638-78B4D0B92EC3}.Release|x86.Deploy.0 = Release|Any CPU
		{EF2CFEBF-EE9E-442F-B539-47E4FBA4B9C0}.Debug|Any CPU.ActiveCfg = Debug|iPhone
		{EF2CFEBF-EE9E-442F-B539-47E4FBA4B9C0}.Debug|Any CPU.Build.0 = Debug|iPhone
		{EF2CFEBF-EE9E-442F-B539-47E4FBA4B9C0}.Debug|Any CPU.Deploy.0 = Debug|iPhone
		{EF2CFEBF-EE9E-442F-B539-47E4FBA4B9C0}.Debug|ARM.ActiveCfg = Debug|iPhoneSimulator
		{EF2CFEBF-EE9E-442F-B539-47E4FBA4B9C0}.Debug|ARM.Build.0 = Debug|iPhoneSimulator
		{EF2CFEBF-EE9E-442F-B539-47E4FBA4B9C0}.Debug|ARM.Deploy.0 = Debug|iPhoneSimulator
		{EF2CFEBF-EE9E-442F-B539-47E4FBA4B9C0}.Debug|iPhone.ActiveCfg = Debug|iPhone
		{EF2CFEBF-EE9E-442F-B539-47E4FBA4B9C0}.Debug|iPhone.Build.0 = Debug|iPhone
		{EF2CFEBF-EE9E-442F-B539-47E4FBA4B9C0}.Debug|iPhone.Deploy.0 = Debug|iPhone
		{EF2CFEBF-EE9E-442F-B539-47E4FBA4B9C0}.Debug|iPhoneSimulator.ActiveCfg = Debug|iPhoneSimulator
		{EF2CFEBF-EE9E-442F-B539-47E4FBA4B9C0}.Debug|iPhoneSimulator.Build.0 = Debug|iPhoneSimulator
		{EF2CFEBF-EE9E-442F-B539-47E4FBA4B9C0}.Debug|iPhoneSimulator.Deploy.0 = Debug|iPhoneSimulator
		{EF2CFEBF-EE9E-442F-B539-47E4FBA4B9C0}.Debug|x64.ActiveCfg = Debug|iPhone
		{EF2CFEBF-EE9E-442F-B539-47E4FBA4B9C0}.Debug|x64.Build.0 = Debug|iPhone
		{EF2CFEBF-EE9E-442F-B539-47E4FBA4B9C0}.Debug|x64.Deploy.0 = Debug|iPhone
		{EF2CFEBF-EE9E-442F-B539-47E4FBA4B9C0}.Debug|x86.ActiveCfg = Debug|iPhone
		{EF2CFEBF-EE9E-442F-B539-47E4FBA4B9C0}.Debug|x86.Build.0 = Debug|iPhone
		{EF2CFEBF-EE9E-442F-B539-47E4FBA4B9C0}.Debug|x86.Deploy.0 = Debug|iPhone
		{EF2CFEBF-EE9E-442F-B539-47E4FBA4B9C0}.Release|Any CPU.ActiveCfg = Release|iPhone
		{EF2CFEBF-EE9E-442F-B539-47E4FBA4B9C0}.Release|Any CPU.Build.0 = Release|iPhone
		{EF2CFEBF-EE9E-442F-B539-47E4FBA4B9C0}.Release|Any CPU.Deploy.0 = Release|iPhone
		{EF2CFEBF-EE9E-442F-B539-47E4FBA4B9C0}.Release|ARM.ActiveCfg = Release|iPhone
		{EF2CFEBF-EE9E-442F-B539-47E4FBA4B9C0}.Release|ARM.Build.0 = Release|iPhone
		{EF2CFEBF-EE9E-442F-B539-47E4FBA4B9C0}.Release|ARM.Deploy.0 = Release|iPhone
		{EF2CFEBF-EE9E-442F-B539-47E4FBA4B9C0}.Release|iPhone.ActiveCfg = Release|iPhone
		{EF2CFEBF-EE9E-442F-B539-47E4FBA4B9C0}.Release|iPhone.Build.0 = Release|iPhone
		{EF2CFEBF-EE9E-442F-B539-47E4FBA4B9C0}.Release|iPhone.Deploy.0 = Release|iPhone
		{EF2CFEBF-EE9E-442F-B539-47E4FBA4B9C0}.Release|iPhoneSimulator.ActiveCfg = Release|iPhoneSimulator
		{EF2CFEBF-EE9E-442F-B539-47E4FBA4B9C0}.Release|iPhoneSimulator.Build.0 = Release|iPhoneSimulator
		{EF2CFEBF-EE9E-442F-B539-47E4FBA4B9C0}.Release|iPhoneSimulator.Deploy.0 = Release|iPhoneSimulator
		{EF2CFEBF-EE9E-442F-B539-47E4FBA4B9C0}.Release|x64.ActiveCfg = Release|iPhone
		{EF2CFEBF-EE9E-442F-B539-47E4FBA4B9C0}.Release|x64.Build.0 = Release|iPhone
		{EF2CFEBF-EE9E-442F-B539-47E4FBA4B9C0}.Release|x64.Deploy.0 = Release|iPhone
		{EF2CFEBF-EE9E-442F-B539-47E4FBA4B9C0}.Release|x86.ActiveCfg = Release|iPhone
		{EF2CFEBF-EE9E-442F-B539-47E4FBA4B9C0}.Release|x86.Build.0 = Release|iPhone
		{EF2CFEBF-EE9E-442F-B539-47E4FBA4B9C0}.Release|x86.Deploy.0 = Release|iPhone
		{1FD3FE5E-8FBF-488A-95E2-C53669193905}.Debug|Any CPU.ActiveCfg = Debug|Any CPU
		{1FD3FE5E-8FBF-488A-95E2-C53669193905}.Debug|Any CPU.Build.0 = Debug|Any CPU
		{1FD3FE5E-8FBF-488A-95E2-C53669193905}.Debug|Any CPU.Deploy.0 = Debug|Any CPU
		{1FD3FE5E-8FBF-488A-95E2-C53669193905}.Debug|ARM.ActiveCfg = Debug|Any CPU
		{1FD3FE5E-8FBF-488A-95E2-C53669193905}.Debug|ARM.Build.0 = Debug|Any CPU
		{1FD3FE5E-8FBF-488A-95E2-C53669193905}.Debug|ARM.Deploy.0 = Debug|Any CPU
		{1FD3FE5E-8FBF-488A-95E2-C53669193905}.Debug|iPhone.ActiveCfg = Debug|Any CPU
		{1FD3FE5E-8FBF-488A-95E2-C53669193905}.Debug|iPhone.Build.0 = Debug|Any CPU
		{1FD3FE5E-8FBF-488A-95E2-C53669193905}.Debug|iPhone.Deploy.0 = Debug|Any CPU
		{1FD3FE5E-8FBF-488A-95E2-C53669193905}.Debug|iPhoneSimulator.ActiveCfg = Debug|Any CPU
		{1FD3FE5E-8FBF-488A-95E2-C53669193905}.Debug|iPhoneSimulator.Build.0 = Debug|Any CPU
		{1FD3FE5E-8FBF-488A-95E2-C53669193905}.Debug|iPhoneSimulator.Deploy.0 = Debug|Any CPU
		{1FD3FE5E-8FBF-488A-95E2-C53669193905}.Debug|x64.ActiveCfg = Debug|Any CPU
		{1FD3FE5E-8FBF-488A-95E2-C53669193905}.Debug|x64.Build.0 = Debug|Any CPU
		{1FD3FE5E-8FBF-488A-95E2-C53669193905}.Debug|x64.Deploy.0 = Debug|Any CPU
		{1FD3FE5E-8FBF-488A-95E2-C53669193905}.Debug|x86.ActiveCfg = Debug|Any CPU
		{1FD3FE5E-8FBF-488A-95E2-C53669193905}.Debug|x86.Build.0 = Debug|Any CPU
		{1FD3FE5E-8FBF-488A-95E2-C53669193905}.Debug|x86.Deploy.0 = Debug|Any CPU
		{1FD3FE5E-8FBF-488A-95E2-C53669193905}.Release|Any CPU.ActiveCfg = Release|Any CPU
		{1FD3FE5E-8FBF-488A-95E2-C53669193905}.Release|Any CPU.Build.0 = Release|Any CPU
		{1FD3FE5E-8FBF-488A-95E2-C53669193905}.Release|Any CPU.Deploy.0 = Release|Any CPU
		{1FD3FE5E-8FBF-488A-95E2-C53669193905}.Release|ARM.ActiveCfg = Release|Any CPU
		{1FD3FE5E-8FBF-488A-95E2-C53669193905}.Release|ARM.Build.0 = Release|Any CPU
		{1FD3FE5E-8FBF-488A-95E2-C53669193905}.Release|ARM.Deploy.0 = Release|Any CPU
		{1FD3FE5E-8FBF-488A-95E2-C53669193905}.Release|iPhone.ActiveCfg = Release|Any CPU
		{1FD3FE5E-8FBF-488A-95E2-C53669193905}.Release|iPhone.Build.0 = Release|Any CPU
		{1FD3FE5E-8FBF-488A-95E2-C53669193905}.Release|iPhone.Deploy.0 = Release|Any CPU
		{1FD3FE5E-8FBF-488A-95E2-C53669193905}.Release|iPhoneSimulator.ActiveCfg = Release|Any CPU
		{1FD3FE5E-8FBF-488A-95E2-C53669193905}.Release|iPhoneSimulator.Build.0 = Release|Any CPU
		{1FD3FE5E-8FBF-488A-95E2-C53669193905}.Release|iPhoneSimulator.Deploy.0 = Release|Any CPU
		{1FD3FE5E-8FBF-488A-95E2-C53669193905}.Release|x64.ActiveCfg = Release|Any CPU
		{1FD3FE5E-8FBF-488A-95E2-C53669193905}.Release|x64.Build.0 = Release|Any CPU
		{1FD3FE5E-8FBF-488A-95E2-C53669193905}.Release|x64.Deploy.0 = Release|Any CPU
		{1FD3FE5E-8FBF-488A-95E2-C53669193905}.Release|x86.ActiveCfg = Release|Any CPU
		{1FD3FE5E-8FBF-488A-95E2-C53669193905}.Release|x86.Build.0 = Release|Any CPU
		{1FD3FE5E-8FBF-488A-95E2-C53669193905}.Release|x86.Deploy.0 = Release|Any CPU
	EndGlobalSection
	GlobalSection(SolutionProperties) = preSolution
		HideSolutionNode = FALSE
	EndGlobalSection
	GlobalSection(ExtensibilityGlobals) = postSolution
		SolutionGuid = {D32361EB-9096-4DEF-90B8-9F15D12B7422}
	EndGlobalSection
EndGlobal
